// !$*UTF8*$!
{
	archiveVersion = 1;
	classes = {
	};
	objectVersion = 46;
	objects = {

/* Begin PBXBuildFile section */
		A20600F61DADC6DF00035330 /* EffectsLayer.swift in Sources */ = {isa = PBXBuildFile; fileRef = A20600F51DADC6DF00035330 /* EffectsLayer.swift */; };
		A20600F91DB1A45900035330 /* ectoPlasm.sks in Resources */ = {isa = PBXBuildFile; fileRef = A20600F71DB1A45800035330 /* ectoPlasm.sks */; };
		A20600FE1DB1A99700035330 /* ecto.png in Resources */ = {isa = PBXBuildFile; fileRef = A20600FD1DB1A99700035330 /* ecto.png */; };
		A216F0DD1DB5815A003DD5BB /* fists.atlas in Resources */ = {isa = PBXBuildFile; fileRef = A216F0DC1DB5815A003DD5BB /* fists.atlas */; };
		A216F0E11DB5D780003DD5BB /* ectoParticle.png in Resources */ = {isa = PBXBuildFile; fileRef = A216F0E01DB5D780003DD5BB /* ectoParticle.png */; };
		A216F0E61DB6EE18003DD5BB /* portal.atlas in Resources */ = {isa = PBXBuildFile; fileRef = A216F0E51DB6EE18003DD5BB /* portal.atlas */; };
		A216F0E81DB70894003DD5BB /* GameMode.swift in Sources */ = {isa = PBXBuildFile; fileRef = A216F0E71DB70894003DD5BB /* GameMode.swift */; };
		A216F0EE1DB71D64003DD5BB /* ghost_portal.atlas in Resources */ = {isa = PBXBuildFile; fileRef = A216F0ED1DB71D64003DD5BB /* ghost_portal.atlas */; };
		A216F0F01DB739A6003DD5BB /* SFXManager.swift in Sources */ = {isa = PBXBuildFile; fileRef = A216F0EF1DB739A6003DD5BB /* SFXManager.swift */; };
		A227C79E1DA758A900EFFD7B /* AppDelegate.swift in Sources */ = {isa = PBXBuildFile; fileRef = A227C79D1DA758A900EFFD7B /* AppDelegate.swift */; };
		A227C7A61DA758A900EFFD7B /* GameViewController.swift in Sources */ = {isa = PBXBuildFile; fileRef = A227C7A51DA758A900EFFD7B /* GameViewController.swift */; };
		A227C7A91DA758A900EFFD7B /* Main.storyboard in Resources */ = {isa = PBXBuildFile; fileRef = A227C7A71DA758A900EFFD7B /* Main.storyboard */; };
		A227C7AB1DA758AA00EFFD7B /* Assets.xcassets in Resources */ = {isa = PBXBuildFile; fileRef = A227C7AA1DA758AA00EFFD7B /* Assets.xcassets */; };
		A227C7AE1DA758AA00EFFD7B /* LaunchScreen.storyboard in Resources */ = {isa = PBXBuildFile; fileRef = A227C7AC1DA758AA00EFFD7B /* LaunchScreen.storyboard */; };
		A227C7B91DA758AA00EFFD7B /* ghostpuncherTests.swift in Sources */ = {isa = PBXBuildFile; fileRef = A227C7B81DA758AA00EFFD7B /* ghostpuncherTests.swift */; };
		A227C7C41DA758AA00EFFD7B /* ghostpuncherUITests.swift in Sources */ = {isa = PBXBuildFile; fileRef = A227C7C31DA758AA00EFFD7B /* ghostpuncherUITests.swift */; };
		A2519B431DC70454001925F8 /* devilBlood.sks in Resources */ = {isa = PBXBuildFile; fileRef = A2519B411DC70454001925F8 /* devilBlood.sks */; };
		A2519B441DC70454001925F8 /* spark.png in Resources */ = {isa = PBXBuildFile; fileRef = A2519B421DC70454001925F8 /* spark.png */; };
		A2519B481DC7088F001925F8 /* evilLaugh.wav in Resources */ = {isa = PBXBuildFile; fileRef = A2519B471DC7088F001925F8 /* evilLaugh.wav */; };
		A25615F61DAC207D00BA3DF8 /* MenuScene.swift in Sources */ = {isa = PBXBuildFile; fileRef = A25615F51DAC207D00BA3DF8 /* MenuScene.swift */; };
		A25615F81DAD561C00BA3DF8 /* BattleManager.swift in Sources */ = {isa = PBXBuildFile; fileRef = A25615F71DAD561C00BA3DF8 /* BattleManager.swift */; };
		A25C9FE11DBF29E7006CDA73 /* Devil.xcassets in Resources */ = {isa = PBXBuildFile; fileRef = A25C9FE01DBF29E7006CDA73 /* Devil.xcassets */; };
		A25C9FE51DBF2A83006CDA73 /* devilHead.atlas in Resources */ = {isa = PBXBuildFile; fileRef = A25C9FE21DBF2A83006CDA73 /* devilHead.atlas */; };
		A25C9FE61DBF2A83006CDA73 /* devilLeftArm.atlas in Resources */ = {isa = PBXBuildFile; fileRef = A25C9FE31DBF2A83006CDA73 /* devilLeftArm.atlas */; };
		A25C9FE71DBF2A83006CDA73 /* devilRightArm.atlas in Resources */ = {isa = PBXBuildFile; fileRef = A25C9FE41DBF2A83006CDA73 /* devilRightArm.atlas */; };
		A25C9FE91DBF2AB2006CDA73 /* Devil.sks in Resources */ = {isa = PBXBuildFile; fileRef = A25C9FE81DBF2AB2006CDA73 /* Devil.sks */; };
		A25C9FEB1DBF2BD5006CDA73 /* Devil.swift in Sources */ = {isa = PBXBuildFile; fileRef = A25C9FEA1DBF2BD5006CDA73 /* Devil.swift */; };
		A25C9FED1DC19968006CDA73 /* batwing.atlas in Resources */ = {isa = PBXBuildFile; fileRef = A25C9FEC1DC19968006CDA73 /* batwing.atlas */; };
		A25C9FF11DC19E3E006CDA73 /* DevilFlames.sks in Resources */ = {isa = PBXBuildFile; fileRef = A25C9FF01DC19E3E006CDA73 /* DevilFlames.sks */; };
		A25C9FF31DC2F1CC006CDA73 /* FightParams.swift in Sources */ = {isa = PBXBuildFile; fileRef = A25C9FF21DC2F1CC006CDA73 /* FightParams.swift */; };
		A27117861DB31D5A00B36F06 /* ghostHead.atlas in Resources */ = {isa = PBXBuildFile; fileRef = A27117831DB31D5A00B36F06 /* ghostHead.atlas */; };
		A27117871DB31D5A00B36F06 /* ghostLeftArm.atlas in Resources */ = {isa = PBXBuildFile; fileRef = A27117841DB31D5A00B36F06 /* ghostLeftArm.atlas */; };
		A27117881DB31D5A00B36F06 /* ghostRightArm.atlas in Resources */ = {isa = PBXBuildFile; fileRef = A27117851DB31D5A00B36F06 /* ghostRightArm.atlas */; };
		A271178A1DB3E55200B36F06 /* Ghost_blur.sks in Resources */ = {isa = PBXBuildFile; fileRef = A27117891DB3E55200B36F06 /* Ghost_blur.sks */; };
		A271178D1DB405FF00B36F06 /* Smoke.sks in Resources */ = {isa = PBXBuildFile; fileRef = A271178B1DB405FF00B36F06 /* Smoke.sks */; };
		A271178E1DB405FF00B36F06 /* spark.png in Resources */ = {isa = PBXBuildFile; fileRef = A271178C1DB405FF00B36F06 /* spark.png */; };
		A28A10991DBAC21800029818 /* splashloop.wav in Resources */ = {isa = PBXBuildFile; fileRef = A28A10961DBAC21800029818 /* splashloop.wav */; };
		A2B49AEB1DA88C1900F86F40 /* Room.swift in Sources */ = {isa = PBXBuildFile; fileRef = A2B49AEA1DA88C1900F86F40 /* Room.swift */; };
		A2B49AED1DA88CB600F86F40 /* Opponent.swift in Sources */ = {isa = PBXBuildFile; fileRef = A2B49AEC1DA88CB600F86F40 /* Opponent.swift */; };
		A2B49AEF1DA88CE400F86F40 /* Player.swift in Sources */ = {isa = PBXBuildFile; fileRef = A2B49AEE1DA88CE400F86F40 /* Player.swift */; };
		A2B49AF11DA88EAF00F86F40 /* FightScene.swift in Sources */ = {isa = PBXBuildFile; fileRef = A2B49AF01DA88EAF00F86F40 /* FightScene.swift */; };
		A2B49AF41DA89BC900F86F40 /* Ghost.sks in Resources */ = {isa = PBXBuildFile; fileRef = A2B49AF31DA89BC900F86F40 /* Ghost.sks */; };
		A2B49AF61DA89C1F00F86F40 /* Ghost.xcassets in Resources */ = {isa = PBXBuildFile; fileRef = A2B49AF51DA89C1F00F86F40 /* Ghost.xcassets */; };
		A2B49B001DAAB63000F86F40 /* Buttons.xcassets in Resources */ = {isa = PBXBuildFile; fileRef = A2B49AFF1DAAB63000F86F40 /* Buttons.xcassets */; };
		A2B49B021DAAB6E100F86F40 /* Controls.swift in Sources */ = {isa = PBXBuildFile; fileRef = A2B49B011DAAB6E100F86F40 /* Controls.swift */; };
		A2CEC08D1DC690DC00FFE128 /* buzz.wav in Resources */ = {isa = PBXBuildFile; fileRef = A2CEC0891DC690DC00FFE128 /* buzz.wav */; };
		A2CEC08E1DC690DC00FFE128 /* groundThump.wav in Resources */ = {isa = PBXBuildFile; fileRef = A2CEC08A1DC690DC00FFE128 /* groundThump.wav */; };
		A2CEC08F1DC690DC00FFE128 /* slash.wav in Resources */ = {isa = PBXBuildFile; fileRef = A2CEC08B1DC690DC00FFE128 /* slash.wav */; };
		A2CEC0901DC690DC00FFE128 /* slash2.wav in Resources */ = {isa = PBXBuildFile; fileRef = A2CEC08C1DC690DC00FFE128 /* slash2.wav */; };
		A2CEC0921DC695A800FFE128 /* skeletonHit.wav in Resources */ = {isa = PBXBuildFile; fileRef = A2CEC0911DC695A800FFE128 /* skeletonHit.wav */; };
		A2CEC0941DC697F800FFE128 /* sfx_punch3.wav in Resources */ = {isa = PBXBuildFile; fileRef = A2CEC0931DC697F800FFE128 /* sfx_punch3.wav */; };
		A2CEC0961DC6984400FFE128 /* sfx_punch2.wav in Resources */ = {isa = PBXBuildFile; fileRef = A2CEC0951DC6984400FFE128 /* sfx_punch2.wav */; };
		A2CEC09A1DC69A3200FFE128 /* enemyBlocked.wav in Resources */ = {isa = PBXBuildFile; fileRef = A2CEC0991DC69A3200FFE128 /* enemyBlocked.wav */; };
		A2CEC09C1DC69BC900FFE128 /* fireball.wav in Resources */ = {isa = PBXBuildFile; fileRef = A2CEC09B1DC69BC900FFE128 /* fireball.wav */; };
		A2CEC09E1DC69D7200FFE128 /* enemySlash.wav in Resources */ = {isa = PBXBuildFile; fileRef = A2CEC09D1DC69D7200FFE128 /* enemySlash.wav */; };
		A2D7B9A41DBB0F6800DC2DD9 /* atmos_loop1.wav in Resources */ = {isa = PBXBuildFile; fileRef = A2D7B9971DBB0F6800DC2DD9 /* atmos_loop1.wav */; };
		A2D7B9A51DBB0F6800DC2DD9 /* atmos_loop2.wav in Resources */ = {isa = PBXBuildFile; fileRef = A2D7B9981DBB0F6800DC2DD9 /* atmos_loop2.wav */; };
		A2D7B9A61DBB0F6800DC2DD9 /* deathblow.wav in Resources */ = {isa = PBXBuildFile; fileRef = A2D7B9991DBB0F6800DC2DD9 /* deathblow.wav */; };
		A2D7B9A71DBB0F6800DC2DD9 /* ghostshock.wav in Resources */ = {isa = PBXBuildFile; fileRef = A2D7B99A1DBB0F6800DC2DD9 /* ghostshock.wav */; };
		A2D7B9A81DBB0F6800DC2DD9 /* hard_punch.wav in Resources */ = {isa = PBXBuildFile; fileRef = A2D7B99B1DBB0F6800DC2DD9 /* hard_punch.wav */; };
		A2D7B9A91DBB0F6800DC2DD9 /* laugh_reverse.wav in Resources */ = {isa = PBXBuildFile; fileRef = A2D7B99C1DBB0F6800DC2DD9 /* laugh_reverse.wav */; };
		A2D7B9AA1DBB0F6800DC2DD9 /* light_punch.wav in Resources */ = {isa = PBXBuildFile; fileRef = A2D7B99D1DBB0F6800DC2DD9 /* light_punch.wav */; };
		A2D7B9AB1DBB0F6800DC2DD9 /* med_punch.wav in Resources */ = {isa = PBXBuildFile; fileRef = A2D7B99E1DBB0F6800DC2DD9 /* med_punch.wav */; };
		A2D7B9AC1DBB0F6800DC2DD9 /* phaser.wav in Resources */ = {isa = PBXBuildFile; fileRef = A2D7B99F1DBB0F6800DC2DD9 /* phaser.wav */; };
		A2D7B9AD1DBB0F6800DC2DD9 /* select.wav in Resources */ = {isa = PBXBuildFile; fileRef = A2D7B9A01DBB0F6800DC2DD9 /* select.wav */; };
		A2D7B9AE1DBB0F6800DC2DD9 /* soulgrab.wav in Resources */ = {isa = PBXBuildFile; fileRef = A2D7B9A11DBB0F6800DC2DD9 /* soulgrab.wav */; };
		A2D7B9AF1DBB0F6800DC2DD9 /* start.wav in Resources */ = {isa = PBXBuildFile; fileRef = A2D7B9A21DBB0F6800DC2DD9 /* start.wav */; };
		A2D7B9B01DBB0F6800DC2DD9 /* witchtalk.wav in Resources */ = {isa = PBXBuildFile; fileRef = A2D7B9A31DBB0F6800DC2DD9 /* witchtalk.wav */; };
		A2D7B9B21DBBBF0500DC2DD9 /* Witch.xcassets in Resources */ = {isa = PBXBuildFile; fileRef = A2D7B9B11DBBBF0500DC2DD9 /* Witch.xcassets */; };
		A2D7B9B71DBBBFA000DC2DD9 /* witchLeftArm.atlas in Resources */ = {isa = PBXBuildFile; fileRef = A2D7B9B41DBBBFA000DC2DD9 /* witchLeftArm.atlas */; };
		A2D7B9B81DBBBFA000DC2DD9 /* witchRightArm.atlas in Resources */ = {isa = PBXBuildFile; fileRef = A2D7B9B51DBBBFA000DC2DD9 /* witchRightArm.atlas */; };
		A2D7B9BA1DBBBFC300DC2DD9 /* Witch.sks in Resources */ = {isa = PBXBuildFile; fileRef = A2D7B9B91DBBBFC300DC2DD9 /* Witch.sks */; };
		A2D7B9BC1DBBC25F00DC2DD9 /* witchHead.atlas in Resources */ = {isa = PBXBuildFile; fileRef = A2D7B9BB1DBBC25F00DC2DD9 /* witchHead.atlas */; };
		A2D7B9BE1DBC428D00DC2DD9 /* Ghost.swift in Sources */ = {isa = PBXBuildFile; fileRef = A2D7B9BD1DBC428D00DC2DD9 /* Ghost.swift */; };
		A2D7B9C01DBC42B300DC2DD9 /* Witch.swift in Sources */ = {isa = PBXBuildFile; fileRef = A2D7B9BF1DBC42B300DC2DD9 /* Witch.swift */; };
		A2D7B9C21DBC47CA00DC2DD9 /* FireBall.sks in Resources */ = {isa = PBXBuildFile; fileRef = A2D7B9C11DBC47CA00DC2DD9 /* FireBall.sks */; };
		A2EB9F201DAB35AF0046CB93 /* HockeySDK.framework in Frameworks */ = {isa = PBXBuildFile; fileRef = A2EB9F1E1DAB351F0046CB93 /* HockeySDK.framework */; };
/* End PBXBuildFile section */

/* Begin PBXContainerItemProxy section */
		A227C7B51DA758AA00EFFD7B /* PBXContainerItemProxy */ = {
			isa = PBXContainerItemProxy;
			containerPortal = A227C7921DA758A900EFFD7B /* Project object */;
			proxyType = 1;
			remoteGlobalIDString = A227C7991DA758A900EFFD7B;
			remoteInfo = ghostpuncher;
		};
		A227C7C01DA758AA00EFFD7B /* PBXContainerItemProxy */ = {
			isa = PBXContainerItemProxy;
			containerPortal = A227C7921DA758A900EFFD7B /* Project object */;
			proxyType = 1;
			remoteGlobalIDString = A227C7991DA758A900EFFD7B;
			remoteInfo = ghostpuncher;
		};
/* End PBXContainerItemProxy section */

/* Begin PBXFileReference section */
		A20600F51DADC6DF00035330 /* EffectsLayer.swift */ = {isa = PBXFileReference; fileEncoding = 4; lastKnownFileType = sourcecode.swift; name = EffectsLayer.swift; path = classes/EffectsLayer.swift; sourceTree = "<group>"; };
		A20600F71DB1A45800035330 /* ectoPlasm.sks */ = {isa = PBXFileReference; lastKnownFileType = file.sks; path = ectoPlasm.sks; sourceTree = "<group>"; };
		A20600FD1DB1A99700035330 /* ecto.png */ = {isa = PBXFileReference; lastKnownFileType = image.png; path = ecto.png; sourceTree = "<group>"; };
		A216F0DC1DB5815A003DD5BB /* fists.atlas */ = {isa = PBXFileReference; lastKnownFileType = folder.skatlas; path = fists.atlas; sourceTree = "<group>"; };
		A216F0E01DB5D780003DD5BB /* ectoParticle.png */ = {isa = PBXFileReference; lastKnownFileType = image.png; path = ectoParticle.png; sourceTree = "<group>"; };
		A216F0E51DB6EE18003DD5BB /* portal.atlas */ = {isa = PBXFileReference; lastKnownFileType = folder.skatlas; path = portal.atlas; sourceTree = "<group>"; };
		A216F0E71DB70894003DD5BB /* GameMode.swift */ = {isa = PBXFileReference; fileEncoding = 4; lastKnownFileType = sourcecode.swift; path = GameMode.swift; sourceTree = "<group>"; };
		A216F0ED1DB71D64003DD5BB /* ghost_portal.atlas */ = {isa = PBXFileReference; lastKnownFileType = folder.skatlas; path = ghost_portal.atlas; sourceTree = "<group>"; };
		A216F0EF1DB739A6003DD5BB /* SFXManager.swift */ = {isa = PBXFileReference; fileEncoding = 4; lastKnownFileType = sourcecode.swift; name = SFXManager.swift; path = classes/SFXManager.swift; sourceTree = "<group>"; };
		A227C79A1DA758A900EFFD7B /* ghostpuncher.app */ = {isa = PBXFileReference; explicitFileType = wrapper.application; includeInIndex = 0; path = ghostpuncher.app; sourceTree = BUILT_PRODUCTS_DIR; };
		A227C79D1DA758A900EFFD7B /* AppDelegate.swift */ = {isa = PBXFileReference; lastKnownFileType = sourcecode.swift; path = AppDelegate.swift; sourceTree = "<group>"; };
		A227C7A51DA758A900EFFD7B /* GameViewController.swift */ = {isa = PBXFileReference; lastKnownFileType = sourcecode.swift; path = GameViewController.swift; sourceTree = "<group>"; };
		A227C7A81DA758A900EFFD7B /* Base */ = {isa = PBXFileReference; lastKnownFileType = file.storyboard; name = Base; path = Base.lproj/Main.storyboard; sourceTree = "<group>"; };
		A227C7AA1DA758AA00EFFD7B /* Assets.xcassets */ = {isa = PBXFileReference; lastKnownFileType = folder.assetcatalog; path = Assets.xcassets; sourceTree = "<group>"; };
		A227C7AD1DA758AA00EFFD7B /* Base */ = {isa = PBXFileReference; lastKnownFileType = file.storyboard; name = Base; path = Base.lproj/LaunchScreen.storyboard; sourceTree = "<group>"; };
		A227C7AF1DA758AA00EFFD7B /* Info.plist */ = {isa = PBXFileReference; lastKnownFileType = text.plist.xml; path = Info.plist; sourceTree = "<group>"; };
		A227C7B41DA758AA00EFFD7B /* ghostpuncherTests.xctest */ = {isa = PBXFileReference; explicitFileType = wrapper.cfbundle; includeInIndex = 0; path = ghostpuncherTests.xctest; sourceTree = BUILT_PRODUCTS_DIR; };
		A227C7B81DA758AA00EFFD7B /* ghostpuncherTests.swift */ = {isa = PBXFileReference; lastKnownFileType = sourcecode.swift; path = ghostpuncherTests.swift; sourceTree = "<group>"; };
		A227C7BA1DA758AA00EFFD7B /* Info.plist */ = {isa = PBXFileReference; lastKnownFileType = text.plist.xml; path = Info.plist; sourceTree = "<group>"; };
		A227C7BF1DA758AA00EFFD7B /* ghostpuncherUITests.xctest */ = {isa = PBXFileReference; explicitFileType = wrapper.cfbundle; includeInIndex = 0; path = ghostpuncherUITests.xctest; sourceTree = BUILT_PRODUCTS_DIR; };
		A227C7C31DA758AA00EFFD7B /* ghostpuncherUITests.swift */ = {isa = PBXFileReference; lastKnownFileType = sourcecode.swift; path = ghostpuncherUITests.swift; sourceTree = "<group>"; };
		A227C7C51DA758AA00EFFD7B /* Info.plist */ = {isa = PBXFileReference; lastKnownFileType = text.plist.xml; path = Info.plist; sourceTree = "<group>"; };
		A2519B411DC70454001925F8 /* devilBlood.sks */ = {isa = PBXFileReference; lastKnownFileType = file.sks; path = devilBlood.sks; sourceTree = "<group>"; };
		A2519B421DC70454001925F8 /* spark.png */ = {isa = PBXFileReference; lastKnownFileType = image.png; path = spark.png; sourceTree = "<group>"; };
		A2519B471DC7088F001925F8 /* evilLaugh.wav */ = {isa = PBXFileReference; lastKnownFileType = audio.wav; path = evilLaugh.wav; sourceTree = "<group>"; };
		A25615F51DAC207D00BA3DF8 /* MenuScene.swift */ = {isa = PBXFileReference; fileEncoding = 4; lastKnownFileType = sourcecode.swift; path = MenuScene.swift; sourceTree = "<group>"; };
		A25615F71DAD561C00BA3DF8 /* BattleManager.swift */ = {isa = PBXFileReference; fileEncoding = 4; lastKnownFileType = sourcecode.swift; name = BattleManager.swift; path = classes/BattleManager.swift; sourceTree = "<group>"; };
		A25C9FE01DBF29E7006CDA73 /* Devil.xcassets */ = {isa = PBXFileReference; lastKnownFileType = folder.assetcatalog; path = Devil.xcassets; sourceTree = "<group>"; };
		A25C9FE21DBF2A83006CDA73 /* devilHead.atlas */ = {isa = PBXFileReference; lastKnownFileType = folder.skatlas; path = devilHead.atlas; sourceTree = "<group>"; };
		A25C9FE31DBF2A83006CDA73 /* devilLeftArm.atlas */ = {isa = PBXFileReference; lastKnownFileType = folder.skatlas; path = devilLeftArm.atlas; sourceTree = "<group>"; };
		A25C9FE41DBF2A83006CDA73 /* devilRightArm.atlas */ = {isa = PBXFileReference; lastKnownFileType = folder.skatlas; path = devilRightArm.atlas; sourceTree = "<group>"; };
		A25C9FE81DBF2AB2006CDA73 /* Devil.sks */ = {isa = PBXFileReference; lastKnownFileType = file.sks; path = Devil.sks; sourceTree = "<group>"; };
		A25C9FEA1DBF2BD5006CDA73 /* Devil.swift */ = {isa = PBXFileReference; fileEncoding = 4; lastKnownFileType = sourcecode.swift; name = Devil.swift; path = classes/Devil.swift; sourceTree = "<group>"; };
		A25C9FEC1DC19968006CDA73 /* batwing.atlas */ = {isa = PBXFileReference; lastKnownFileType = folder.skatlas; path = batwing.atlas; sourceTree = "<group>"; };
		A25C9FF01DC19E3E006CDA73 /* DevilFlames.sks */ = {isa = PBXFileReference; lastKnownFileType = file.sks; name = DevilFlames.sks; path = opponents/DevilFlames.sks; sourceTree = "<group>"; };
		A25C9FF21DC2F1CC006CDA73 /* FightParams.swift */ = {isa = PBXFileReference; fileEncoding = 4; lastKnownFileType = sourcecode.swift; name = FightParams.swift; path = opponents/FightParams.swift; sourceTree = "<group>"; };
		A27117831DB31D5A00B36F06 /* ghostHead.atlas */ = {isa = PBXFileReference; lastKnownFileType = folder.skatlas; path = ghostHead.atlas; sourceTree = "<group>"; };
		A27117841DB31D5A00B36F06 /* ghostLeftArm.atlas */ = {isa = PBXFileReference; lastKnownFileType = folder.skatlas; path = ghostLeftArm.atlas; sourceTree = "<group>"; };
		A27117851DB31D5A00B36F06 /* ghostRightArm.atlas */ = {isa = PBXFileReference; lastKnownFileType = folder.skatlas; path = ghostRightArm.atlas; sourceTree = "<group>"; };
		A27117891DB3E55200B36F06 /* Ghost_blur.sks */ = {isa = PBXFileReference; lastKnownFileType = file.sks; name = Ghost_blur.sks; path = opponents/Ghost_blur.sks; sourceTree = "<group>"; };
		A271178B1DB405FF00B36F06 /* Smoke.sks */ = {isa = PBXFileReference; lastKnownFileType = file.sks; name = Smoke.sks; path = opponents/Smoke.sks; sourceTree = "<group>"; };
		A271178C1DB405FF00B36F06 /* spark.png */ = {isa = PBXFileReference; lastKnownFileType = image.png; name = spark.png; path = opponents/spark.png; sourceTree = "<group>"; };
		A28A10961DBAC21800029818 /* splashloop.wav */ = {isa = PBXFileReference; lastKnownFileType = audio.wav; path = splashloop.wav; sourceTree = "<group>"; };
		A2B49AEA1DA88C1900F86F40 /* Room.swift */ = {isa = PBXFileReference; fileEncoding = 4; lastKnownFileType = sourcecode.swift; name = Room.swift; path = classes/Room.swift; sourceTree = "<group>"; };
		A2B49AEC1DA88CB600F86F40 /* Opponent.swift */ = {isa = PBXFileReference; fileEncoding = 4; lastKnownFileType = sourcecode.swift; name = Opponent.swift; path = classes/Opponent.swift; sourceTree = "<group>"; };
		A2B49AEE1DA88CE400F86F40 /* Player.swift */ = {isa = PBXFileReference; fileEncoding = 4; lastKnownFileType = sourcecode.swift; name = Player.swift; path = classes/Player.swift; sourceTree = "<group>"; };
		A2B49AF01DA88EAF00F86F40 /* FightScene.swift */ = {isa = PBXFileReference; fileEncoding = 4; lastKnownFileType = sourcecode.swift; name = FightScene.swift; path = classes/FightScene.swift; sourceTree = "<group>"; };
		A2B49AF31DA89BC900F86F40 /* Ghost.sks */ = {isa = PBXFileReference; lastKnownFileType = file.sks; name = Ghost.sks; path = opponents/Ghost.sks; sourceTree = "<group>"; };
		A2B49AF51DA89C1F00F86F40 /* Ghost.xcassets */ = {isa = PBXFileReference; lastKnownFileType = folder.assetcatalog; name = Ghost.xcassets; path = opponents/Ghost.xcassets; sourceTree = "<group>"; };
		A2B49AFF1DAAB63000F86F40 /* Buttons.xcassets */ = {isa = PBXFileReference; lastKnownFileType = folder.assetcatalog; path = Buttons.xcassets; sourceTree = "<group>"; };
		A2B49B011DAAB6E100F86F40 /* Controls.swift */ = {isa = PBXFileReference; fileEncoding = 4; lastKnownFileType = sourcecode.swift; name = Controls.swift; path = classes/Controls.swift; sourceTree = "<group>"; };
		A2CEC0891DC690DC00FFE128 /* buzz.wav */ = {isa = PBXFileReference; lastKnownFileType = audio.wav; path = buzz.wav; sourceTree = "<group>"; };
		A2CEC08A1DC690DC00FFE128 /* groundThump.wav */ = {isa = PBXFileReference; lastKnownFileType = audio.wav; path = groundThump.wav; sourceTree = "<group>"; };
		A2CEC08B1DC690DC00FFE128 /* slash.wav */ = {isa = PBXFileReference; lastKnownFileType = audio.wav; path = slash.wav; sourceTree = "<group>"; };
		A2CEC08C1DC690DC00FFE128 /* slash2.wav */ = {isa = PBXFileReference; lastKnownFileType = audio.wav; path = slash2.wav; sourceTree = "<group>"; };
		A2CEC0911DC695A800FFE128 /* skeletonHit.wav */ = {isa = PBXFileReference; lastKnownFileType = audio.wav; path = skeletonHit.wav; sourceTree = "<group>"; };
		A2CEC0931DC697F800FFE128 /* sfx_punch3.wav */ = {isa = PBXFileReference; lastKnownFileType = audio.wav; path = sfx_punch3.wav; sourceTree = "<group>"; };
		A2CEC0951DC6984400FFE128 /* sfx_punch2.wav */ = {isa = PBXFileReference; lastKnownFileType = audio.wav; path = sfx_punch2.wav; sourceTree = "<group>"; };
		A2CEC0991DC69A3200FFE128 /* enemyBlocked.wav */ = {isa = PBXFileReference; lastKnownFileType = audio.wav; path = enemyBlocked.wav; sourceTree = "<group>"; };
		A2CEC09B1DC69BC900FFE128 /* fireball.wav */ = {isa = PBXFileReference; lastKnownFileType = audio.wav; path = fireball.wav; sourceTree = "<group>"; };
		A2CEC09D1DC69D7200FFE128 /* enemySlash.wav */ = {isa = PBXFileReference; lastKnownFileType = audio.wav; path = enemySlash.wav; sourceTree = "<group>"; };
		A2D7B9971DBB0F6800DC2DD9 /* atmos_loop1.wav */ = {isa = PBXFileReference; lastKnownFileType = audio.wav; path = atmos_loop1.wav; sourceTree = "<group>"; };
		A2D7B9981DBB0F6800DC2DD9 /* atmos_loop2.wav */ = {isa = PBXFileReference; lastKnownFileType = audio.wav; path = atmos_loop2.wav; sourceTree = "<group>"; };
		A2D7B9991DBB0F6800DC2DD9 /* deathblow.wav */ = {isa = PBXFileReference; lastKnownFileType = audio.wav; path = deathblow.wav; sourceTree = "<group>"; };
		A2D7B99A1DBB0F6800DC2DD9 /* ghostshock.wav */ = {isa = PBXFileReference; lastKnownFileType = audio.wav; path = ghostshock.wav; sourceTree = "<group>"; };
		A2D7B99B1DBB0F6800DC2DD9 /* hard_punch.wav */ = {isa = PBXFileReference; lastKnownFileType = audio.wav; path = hard_punch.wav; sourceTree = "<group>"; };
		A2D7B99C1DBB0F6800DC2DD9 /* laugh_reverse.wav */ = {isa = PBXFileReference; lastKnownFileType = audio.wav; path = laugh_reverse.wav; sourceTree = "<group>"; };
		A2D7B99D1DBB0F6800DC2DD9 /* light_punch.wav */ = {isa = PBXFileReference; lastKnownFileType = audio.wav; path = light_punch.wav; sourceTree = "<group>"; };
		A2D7B99E1DBB0F6800DC2DD9 /* med_punch.wav */ = {isa = PBXFileReference; lastKnownFileType = audio.wav; path = med_punch.wav; sourceTree = "<group>"; };
		A2D7B99F1DBB0F6800DC2DD9 /* phaser.wav */ = {isa = PBXFileReference; lastKnownFileType = audio.wav; path = phaser.wav; sourceTree = "<group>"; };
		A2D7B9A01DBB0F6800DC2DD9 /* select.wav */ = {isa = PBXFileReference; lastKnownFileType = audio.wav; path = select.wav; sourceTree = "<group>"; };
		A2D7B9A11DBB0F6800DC2DD9 /* soulgrab.wav */ = {isa = PBXFileReference; lastKnownFileType = audio.wav; path = soulgrab.wav; sourceTree = "<group>"; };
		A2D7B9A21DBB0F6800DC2DD9 /* start.wav */ = {isa = PBXFileReference; lastKnownFileType = audio.wav; path = start.wav; sourceTree = "<group>"; };
		A2D7B9A31DBB0F6800DC2DD9 /* witchtalk.wav */ = {isa = PBXFileReference; lastKnownFileType = audio.wav; path = witchtalk.wav; sourceTree = "<group>"; };
		A2D7B9B11DBBBF0500DC2DD9 /* Witch.xcassets */ = {isa = PBXFileReference; lastKnownFileType = folder.assetcatalog; path = Witch.xcassets; sourceTree = "<group>"; };
		A2D7B9B41DBBBFA000DC2DD9 /* witchLeftArm.atlas */ = {isa = PBXFileReference; lastKnownFileType = folder.skatlas; path = witchLeftArm.atlas; sourceTree = "<group>"; };
		A2D7B9B51DBBBFA000DC2DD9 /* witchRightArm.atlas */ = {isa = PBXFileReference; lastKnownFileType = folder.skatlas; path = witchRightArm.atlas; sourceTree = "<group>"; };
		A2D7B9B91DBBBFC300DC2DD9 /* Witch.sks */ = {isa = PBXFileReference; lastKnownFileType = file.sks; path = Witch.sks; sourceTree = "<group>"; };
		A2D7B9BB1DBBC25F00DC2DD9 /* witchHead.atlas */ = {isa = PBXFileReference; lastKnownFileType = folder.skatlas; path = witchHead.atlas; sourceTree = "<group>"; };
		A2D7B9BD1DBC428D00DC2DD9 /* Ghost.swift */ = {isa = PBXFileReference; fileEncoding = 4; lastKnownFileType = sourcecode.swift; name = Ghost.swift; path = opponents/Ghost.swift; sourceTree = "<group>"; };
		A2D7B9BF1DBC42B300DC2DD9 /* Witch.swift */ = {isa = PBXFileReference; fileEncoding = 4; lastKnownFileType = sourcecode.swift; name = Witch.swift; path = opponents/Witch.swift; sourceTree = "<group>"; };
		A2D7B9C11DBC47CA00DC2DD9 /* FireBall.sks */ = {isa = PBXFileReference; lastKnownFileType = file.sks; name = FireBall.sks; path = opponents/FireBall.sks; sourceTree = "<group>"; };
		A2EB9F1E1DAB351F0046CB93 /* HockeySDK.framework */ = {isa = PBXFileReference; lastKnownFileType = wrapper.framework; path = HockeySDK.framework; sourceTree = "<group>"; };
		A2EB9F1F1DAB351F0046CB93 /* HockeySDKResources.bundle */ = {isa = PBXFileReference; lastKnownFileType = "wrapper.plug-in"; path = HockeySDKResources.bundle; sourceTree = "<group>"; };
/* End PBXFileReference section */

/* Begin PBXFrameworksBuildPhase section */
		A227C7971DA758A900EFFD7B /* Frameworks */ = {
			isa = PBXFrameworksBuildPhase;
			buildActionMask = 2147483647;
			files = (
				A2EB9F201DAB35AF0046CB93 /* HockeySDK.framework in Frameworks */,
			);
			runOnlyForDeploymentPostprocessing = 0;
		};
		A227C7B11DA758AA00EFFD7B /* Frameworks */ = {
			isa = PBXFrameworksBuildPhase;
			buildActionMask = 2147483647;
			files = (
			);
			runOnlyForDeploymentPostprocessing = 0;
		};
		A227C7BC1DA758AA00EFFD7B /* Frameworks */ = {
			isa = PBXFrameworksBuildPhase;
			buildActionMask = 2147483647;
			files = (
			);
			runOnlyForDeploymentPostprocessing = 0;
		};
/* End PBXFrameworksBuildPhase section */

/* Begin PBXGroup section */
		A216F0E21DB6DD6C003DD5BB /* Effects */ = {
			isa = PBXGroup;
			children = (
				A2D7B9961DBB0F6800DC2DD9 /* sound_fx */,
				A28A10931DBAC21800029818 /* gp_audio 2 */,
				A216F0E51DB6EE18003DD5BB /* portal.atlas */,
				A216F0E01DB5D780003DD5BB /* ectoParticle.png */,
				A20600F71DB1A45800035330 /* ectoPlasm.sks */,
				A271178B1DB405FF00B36F06 /* Smoke.sks */,
				A271178C1DB405FF00B36F06 /* spark.png */,
				A2519B411DC70454001925F8 /* devilBlood.sks */,
				A2519B421DC70454001925F8 /* spark.png */,
			);
			name = Effects;
			sourceTree = "<group>";
		};
		A227C7911DA758A900EFFD7B = {
			isa = PBXGroup;
			children = (
				A227C79C1DA758A900EFFD7B /* ghostpuncher */,
				A227C7B71DA758AA00EFFD7B /* ghostpuncherTests */,
				A227C7C21DA758AA00EFFD7B /* ghostpuncherUITests */,
				A227C79B1DA758A900EFFD7B /* Products */,
				A2EB9F1C1DAB351F0046CB93 /* Frameworks */,
			);
			sourceTree = "<group>";
		};
		A227C79B1DA758A900EFFD7B /* Products */ = {
			isa = PBXGroup;
			children = (
				A227C79A1DA758A900EFFD7B /* ghostpuncher.app */,
				A227C7B41DA758AA00EFFD7B /* ghostpuncherTests.xctest */,
				A227C7BF1DA758AA00EFFD7B /* ghostpuncherUITests.xctest */,
			);
			name = Products;
			sourceTree = "<group>";
		};
		A227C79C1DA758A900EFFD7B /* ghostpuncher */ = {
			isa = PBXGroup;
			children = (
				A216F0E21DB6DD6C003DD5BB /* Effects */,
				A2B49AFE1DAAB61E00F86F40 /* UI */,
				A2B49AF71DA8BC2400F86F40 /* players */,
				A2B49AF21DA89B9800F86F40 /* opponents */,
				A2B49AE91DA88ACC00F86F40 /* classes */,
				A227C79D1DA758A900EFFD7B /* AppDelegate.swift */,
				A227C7A51DA758A900EFFD7B /* GameViewController.swift */,
				A227C7A71DA758A900EFFD7B /* Main.storyboard */,
				A227C7AC1DA758AA00EFFD7B /* LaunchScreen.storyboard */,
				A227C7AF1DA758AA00EFFD7B /* Info.plist */,
			);
			path = ghostpuncher;
			sourceTree = "<group>";
		};
		A227C7B71DA758AA00EFFD7B /* ghostpuncherTests */ = {
			isa = PBXGroup;
			children = (
				A227C7B81DA758AA00EFFD7B /* ghostpuncherTests.swift */,
				A227C7BA1DA758AA00EFFD7B /* Info.plist */,
			);
			path = ghostpuncherTests;
			sourceTree = "<group>";
		};
		A227C7C21DA758AA00EFFD7B /* ghostpuncherUITests */ = {
			isa = PBXGroup;
			children = (
				A227C7C31DA758AA00EFFD7B /* ghostpuncherUITests.swift */,
				A227C7C51DA758AA00EFFD7B /* Info.plist */,
			);
			path = ghostpuncherUITests;
			sourceTree = "<group>";
		};
		A28A10931DBAC21800029818 /* gp_audio 2 */ = {
			isa = PBXGroup;
			children = (
				A28A10961DBAC21800029818 /* splashloop.wav */,
			);
			path = "gp_audio 2";
			sourceTree = "<group>";
		};
		A2B49AE91DA88ACC00F86F40 /* classes */ = {
			isa = PBXGroup;
			children = (
				A2B49AF01DA88EAF00F86F40 /* FightScene.swift */,
				A2B49AEA1DA88C1900F86F40 /* Room.swift */,
				A2B49AEC1DA88CB600F86F40 /* Opponent.swift */,
				A2B49AEE1DA88CE400F86F40 /* Player.swift */,
				A2B49B011DAAB6E100F86F40 /* Controls.swift */,
				A25615F51DAC207D00BA3DF8 /* MenuScene.swift */,
				A25615F71DAD561C00BA3DF8 /* BattleManager.swift */,
				A20600F51DADC6DF00035330 /* EffectsLayer.swift */,
				A216F0E71DB70894003DD5BB /* GameMode.swift */,
				A216F0EF1DB739A6003DD5BB /* SFXManager.swift */,
				A2D7B9BD1DBC428D00DC2DD9 /* Ghost.swift */,
				A2D7B9BF1DBC42B300DC2DD9 /* Witch.swift */,
				A25C9FEA1DBF2BD5006CDA73 /* Devil.swift */,
				A25C9FF21DC2F1CC006CDA73 /* FightParams.swift */,
			);
			name = classes;
			sourceTree = "<group>";
		};
		A2B49AF21DA89B9800F86F40 /* opponents */ = {
			isa = PBXGroup;
			children = (
				A25C9FEC1DC19968006CDA73 /* batwing.atlas */,
				A25C9FE21DBF2A83006CDA73 /* devilHead.atlas */,
				A25C9FE31DBF2A83006CDA73 /* devilLeftArm.atlas */,
				A25C9FE41DBF2A83006CDA73 /* devilRightArm.atlas */,
				A2D7B9BB1DBBC25F00DC2DD9 /* witchHead.atlas */,
				A2D7B9B41DBBBFA000DC2DD9 /* witchLeftArm.atlas */,
				A2D7B9B51DBBBFA000DC2DD9 /* witchRightArm.atlas */,
				A216F0ED1DB71D64003DD5BB /* ghost_portal.atlas */,
				A2B49AF31DA89BC900F86F40 /* Ghost.sks */,
				A27117891DB3E55200B36F06 /* Ghost_blur.sks */,
				A27117831DB31D5A00B36F06 /* ghostHead.atlas */,
				A27117841DB31D5A00B36F06 /* ghostLeftArm.atlas */,
				A27117851DB31D5A00B36F06 /* ghostRightArm.atlas */,
				A20600FD1DB1A99700035330 /* ecto.png */,
				A2B49AF51DA89C1F00F86F40 /* Ghost.xcassets */,
				A2D7B9B11DBBBF0500DC2DD9 /* Witch.xcassets */,
				A2D7B9B91DBBBFC300DC2DD9 /* Witch.sks */,
				A2D7B9C11DBC47CA00DC2DD9 /* FireBall.sks */,
				A25C9FE01DBF29E7006CDA73 /* Devil.xcassets */,
				A25C9FE81DBF2AB2006CDA73 /* Devil.sks */,
				A25C9FF01DC19E3E006CDA73 /* DevilFlames.sks */,
			);
			name = opponents;
			sourceTree = "<group>";
		};
		A2B49AF71DA8BC2400F86F40 /* players */ = {
			isa = PBXGroup;
			children = (
				A216F0DC1DB5815A003DD5BB /* fists.atlas */,
			);
			name = players;
			sourceTree = "<group>";
		};
		A2B49AFE1DAAB61E00F86F40 /* UI */ = {
			isa = PBXGroup;
			children = (
				A227C7AA1DA758AA00EFFD7B /* Assets.xcassets */,
				A2B49AFF1DAAB63000F86F40 /* Buttons.xcassets */,
			);
			name = UI;
			sourceTree = "<group>";
		};
		A2D7B9961DBB0F6800DC2DD9 /* sound_fx */ = {
			isa = PBXGroup;
			children = (
				A2519B471DC7088F001925F8 /* evilLaugh.wav */,
				A2CEC09B1DC69BC900FFE128 /* fireball.wav */,
				A2CEC09D1DC69D7200FFE128 /* enemySlash.wav */,
				A2CEC0991DC69A3200FFE128 /* enemyBlocked.wav */,
				A2CEC0951DC6984400FFE128 /* sfx_punch2.wav */,
				A2CEC0931DC697F800FFE128 /* sfx_punch3.wav */,
				A2CEC0911DC695A800FFE128 /* skeletonHit.wav */,
				A2CEC0891DC690DC00FFE128 /* buzz.wav */,
				A2CEC08A1DC690DC00FFE128 /* groundThump.wav */,
				A2CEC08B1DC690DC00FFE128 /* slash.wav */,
				A2CEC08C1DC690DC00FFE128 /* slash2.wav */,
				A2D7B9971DBB0F6800DC2DD9 /* atmos_loop1.wav */,
				A2D7B9981DBB0F6800DC2DD9 /* atmos_loop2.wav */,
				A2D7B9991DBB0F6800DC2DD9 /* deathblow.wav */,
				A2D7B99A1DBB0F6800DC2DD9 /* ghostshock.wav */,
				A2D7B99B1DBB0F6800DC2DD9 /* hard_punch.wav */,
				A2D7B99C1DBB0F6800DC2DD9 /* laugh_reverse.wav */,
				A2D7B99D1DBB0F6800DC2DD9 /* light_punch.wav */,
				A2D7B99E1DBB0F6800DC2DD9 /* med_punch.wav */,
				A2D7B99F1DBB0F6800DC2DD9 /* phaser.wav */,
				A2D7B9A01DBB0F6800DC2DD9 /* select.wav */,
				A2D7B9A11DBB0F6800DC2DD9 /* soulgrab.wav */,
				A2D7B9A21DBB0F6800DC2DD9 /* start.wav */,
				A2D7B9A31DBB0F6800DC2DD9 /* witchtalk.wav */,
			);
			path = sound_fx;
			sourceTree = "<group>";
		};
		A2EB9F1C1DAB351F0046CB93 /* Frameworks */ = {
			isa = PBXGroup;
			children = (
				A2EB9F1D1DAB351F0046CB93 /* HockeySDK.embeddedframework */,
			);
			name = Frameworks;
			sourceTree = "<group>";
		};
		A2EB9F1D1DAB351F0046CB93 /* HockeySDK.embeddedframework */ = {
			isa = PBXGroup;
			children = (
				A2EB9F1E1DAB351F0046CB93 /* HockeySDK.framework */,
				A2EB9F1F1DAB351F0046CB93 /* HockeySDKResources.bundle */,
			);
			name = HockeySDK.embeddedframework;
			path = "HockeySDK-iOS/HockeySDK.embeddedframework";
			sourceTree = "<group>";
		};
/* End PBXGroup section */

/* Begin PBXNativeTarget section */
		A227C7991DA758A900EFFD7B /* ghostpuncher */ = {
			isa = PBXNativeTarget;
			buildConfigurationList = A227C7C81DA758AA00EFFD7B /* Build configuration list for PBXNativeTarget "ghostpuncher" */;
			buildPhases = (
				A227C7961DA758A900EFFD7B /* Sources */,
				A227C7971DA758A900EFFD7B /* Frameworks */,
				A227C7981DA758A900EFFD7B /* Resources */,
				A2EB9F1B1DAB34E70046CB93 /* ShellScript */,
			);
			buildRules = (
			);
			dependencies = (
			);
			name = ghostpuncher;
			productName = ghostpuncher;
			productReference = A227C79A1DA758A900EFFD7B /* ghostpuncher.app */;
			productType = "com.apple.product-type.application";
		};
		A227C7B31DA758AA00EFFD7B /* ghostpuncherTests */ = {
			isa = PBXNativeTarget;
			buildConfigurationList = A227C7CB1DA758AA00EFFD7B /* Build configuration list for PBXNativeTarget "ghostpuncherTests" */;
			buildPhases = (
				A227C7B01DA758AA00EFFD7B /* Sources */,
				A227C7B11DA758AA00EFFD7B /* Frameworks */,
				A227C7B21DA758AA00EFFD7B /* Resources */,
			);
			buildRules = (
			);
			dependencies = (
				A227C7B61DA758AA00EFFD7B /* PBXTargetDependency */,
			);
			name = ghostpuncherTests;
			productName = ghostpuncherTests;
			productReference = A227C7B41DA758AA00EFFD7B /* ghostpuncherTests.xctest */;
			productType = "com.apple.product-type.bundle.unit-test";
		};
		A227C7BE1DA758AA00EFFD7B /* ghostpuncherUITests */ = {
			isa = PBXNativeTarget;
			buildConfigurationList = A227C7CE1DA758AA00EFFD7B /* Build configuration list for PBXNativeTarget "ghostpuncherUITests" */;
			buildPhases = (
				A227C7BB1DA758AA00EFFD7B /* Sources */,
				A227C7BC1DA758AA00EFFD7B /* Frameworks */,
				A227C7BD1DA758AA00EFFD7B /* Resources */,
			);
			buildRules = (
			);
			dependencies = (
				A227C7C11DA758AA00EFFD7B /* PBXTargetDependency */,
			);
			name = ghostpuncherUITests;
			productName = ghostpuncherUITests;
			productReference = A227C7BF1DA758AA00EFFD7B /* ghostpuncherUITests.xctest */;
			productType = "com.apple.product-type.bundle.ui-testing";
		};
/* End PBXNativeTarget section */

/* Begin PBXProject section */
		A227C7921DA758A900EFFD7B /* Project object */ = {
			isa = PBXProject;
			attributes = {
				LastSwiftUpdateCheck = 0800;
				LastUpgradeCheck = 0800;
				ORGANIZATIONNAME = "Erik James";
				TargetAttributes = {
					A227C7991DA758A900EFFD7B = {
						CreatedOnToolsVersion = 8.0;
						DevelopmentTeam = EKVU9746UD;
						ProvisioningStyle = Automatic;
					};
					A227C7B31DA758AA00EFFD7B = {
						CreatedOnToolsVersion = 8.0;
						DevelopmentTeam = EKVU9746UD;
						ProvisioningStyle = Automatic;
						TestTargetID = A227C7991DA758A900EFFD7B;
					};
					A227C7BE1DA758AA00EFFD7B = {
						CreatedOnToolsVersion = 8.0;
						DevelopmentTeam = EKVU9746UD;
						ProvisioningStyle = Automatic;
						TestTargetID = A227C7991DA758A900EFFD7B;
					};
				};
			};
			buildConfigurationList = A227C7951DA758A900EFFD7B /* Build configuration list for PBXProject "ghostpuncher" */;
			compatibilityVersion = "Xcode 3.2";
			developmentRegion = English;
			hasScannedForEncodings = 0;
			knownRegions = (
				en,
				Base,
			);
			mainGroup = A227C7911DA758A900EFFD7B;
			productRefGroup = A227C79B1DA758A900EFFD7B /* Products */;
			projectDirPath = "";
			projectRoot = "";
			targets = (
				A227C7991DA758A900EFFD7B /* ghostpuncher */,
				A227C7B31DA758AA00EFFD7B /* ghostpuncherTests */,
				A227C7BE1DA758AA00EFFD7B /* ghostpuncherUITests */,
			);
		};
/* End PBXProject section */

/* Begin PBXResourcesBuildPhase section */
		A227C7981DA758A900EFFD7B /* Resources */ = {
			isa = PBXResourcesBuildPhase;
			buildActionMask = 2147483647;
			files = (
				A227C7A91DA758A900EFFD7B /* Main.storyboard in Resources */,
				A216F0E61DB6EE18003DD5BB /* portal.atlas in Resources */,
				A271178A1DB3E55200B36F06 /* Ghost_blur.sks in Resources */,
				A2D7B9A61DBB0F6800DC2DD9 /* deathblow.wav in Resources */,
				A2D7B9AD1DBB0F6800DC2DD9 /* select.wav in Resources */,
				A25C9FE91DBF2AB2006CDA73 /* Devil.sks in Resources */,
				A216F0E11DB5D780003DD5BB /* ectoParticle.png in Resources */,
				A27117881DB31D5A00B36F06 /* ghostRightArm.atlas in Resources */,
				A2D7B9AE1DBB0F6800DC2DD9 /* soulgrab.wav in Resources */,
				A2CEC0941DC697F800FFE128 /* sfx_punch3.wav in Resources */,
				A2CEC08D1DC690DC00FFE128 /* buzz.wav in Resources */,
				A25C9FE51DBF2A83006CDA73 /* devilHead.atlas in Resources */,
				A20600FE1DB1A99700035330 /* ecto.png in Resources */,
				A25C9FE11DBF29E7006CDA73 /* Devil.xcassets in Resources */,
				A2D7B9A41DBB0F6800DC2DD9 /* atmos_loop1.wav in Resources */,
				A20600F91DB1A45900035330 /* ectoPlasm.sks in Resources */,
				A2D7B9BA1DBBBFC300DC2DD9 /* Witch.sks in Resources */,
				A2CEC08F1DC690DC00FFE128 /* slash.wav in Resources */,
				A25C9FE61DBF2A83006CDA73 /* devilLeftArm.atlas in Resources */,
				A2D7B9A81DBB0F6800DC2DD9 /* hard_punch.wav in Resources */,
				A2D7B9AC1DBB0F6800DC2DD9 /* phaser.wav in Resources */,
				A2D7B9B71DBBBFA000DC2DD9 /* witchLeftArm.atlas in Resources */,
				A2D7B9B81DBBBFA000DC2DD9 /* witchRightArm.atlas in Resources */,
				A2CEC09A1DC69A3200FFE128 /* enemyBlocked.wav in Resources */,
				A2D7B9B01DBB0F6800DC2DD9 /* witchtalk.wav in Resources */,
				A2519B441DC70454001925F8 /* spark.png in Resources */,
				A2CEC0921DC695A800FFE128 /* skeletonHit.wav in Resources */,
				A2B49B001DAAB63000F86F40 /* Buttons.xcassets in Resources */,
				A2CEC0961DC6984400FFE128 /* sfx_punch2.wav in Resources */,
				A216F0DD1DB5815A003DD5BB /* fists.atlas in Resources */,
				A2CEC09E1DC69D7200FFE128 /* enemySlash.wav in Resources */,
				A271178D1DB405FF00B36F06 /* Smoke.sks in Resources */,
				A2D7B9AB1DBB0F6800DC2DD9 /* med_punch.wav in Resources */,
				A27117861DB31D5A00B36F06 /* ghostHead.atlas in Resources */,
				A28A10991DBAC21800029818 /* splashloop.wav in Resources */,
				A2B49AF61DA89C1F00F86F40 /* Ghost.xcassets in Resources */,
				A2CEC08E1DC690DC00FFE128 /* groundThump.wav in Resources */,
				A2D7B9AF1DBB0F6800DC2DD9 /* start.wav in Resources */,
				A2B49AF41DA89BC900F86F40 /* Ghost.sks in Resources */,
				A2D7B9A91DBB0F6800DC2DD9 /* laugh_reverse.wav in Resources */,
				A2D7B9AA1DBB0F6800DC2DD9 /* light_punch.wav in Resources */,
				A2D7B9A51DBB0F6800DC2DD9 /* atmos_loop2.wav in Resources */,
				A2519B431DC70454001925F8 /* devilBlood.sks in Resources */,
				A2CEC09C1DC69BC900FFE128 /* fireball.wav in Resources */,
				A2D7B9C21DBC47CA00DC2DD9 /* FireBall.sks in Resources */,
				A27117871DB31D5A00B36F06 /* ghostLeftArm.atlas in Resources */,
				A2D7B9A71DBB0F6800DC2DD9 /* ghostshock.wav in Resources */,
				A25C9FED1DC19968006CDA73 /* batwing.atlas in Resources */,
				A271178E1DB405FF00B36F06 /* spark.png in Resources */,
				A227C7AB1DA758AA00EFFD7B /* Assets.xcassets in Resources */,
				A25C9FF11DC19E3E006CDA73 /* DevilFlames.sks in Resources */,
				A2D7B9BC1DBBC25F00DC2DD9 /* witchHead.atlas in Resources */,
				A2519B481DC7088F001925F8 /* evilLaugh.wav in Resources */,
				A2D7B9B21DBBBF0500DC2DD9 /* Witch.xcassets in Resources */,
				A227C7AE1DA758AA00EFFD7B /* LaunchScreen.storyboard in Resources */,
				A25C9FE71DBF2A83006CDA73 /* devilRightArm.atlas in Resources */,
				A216F0EE1DB71D64003DD5BB /* ghost_portal.atlas in Resources */,
				A2CEC0901DC690DC00FFE128 /* slash2.wav in Resources */,
			);
			runOnlyForDeploymentPostprocessing = 0;
		};
		A227C7B21DA758AA00EFFD7B /* Resources */ = {
			isa = PBXResourcesBuildPhase;
			buildActionMask = 2147483647;
			files = (
			);
			runOnlyForDeploymentPostprocessing = 0;
		};
		A227C7BD1DA758AA00EFFD7B /* Resources */ = {
			isa = PBXResourcesBuildPhase;
			buildActionMask = 2147483647;
			files = (
			);
			runOnlyForDeploymentPostprocessing = 0;
		};
/* End PBXResourcesBuildPhase section */

/* Begin PBXShellScriptBuildPhase section */
		A2EB9F1B1DAB34E70046CB93 /* ShellScript */ = {
			isa = PBXShellScriptBuildPhase;
			buildActionMask = 2147483647;
			files = (
			);
			inputPaths = (
			);
			outputPaths = (
			);
			runOnlyForDeploymentPostprocessing = 0;
			shellPath = /bin/sh;
			shellScript = "FILE=\"${SRCROOT}/HockeySDK-iOS/BuildAgent\"\nif [ -f \"$FILE\" ]; then\n\"$FILE\"\nfi";
		};
/* End PBXShellScriptBuildPhase section */

/* Begin PBXSourcesBuildPhase section */
		A227C7961DA758A900EFFD7B /* Sources */ = {
			isa = PBXSourcesBuildPhase;
			buildActionMask = 2147483647;
			files = (
				A20600F61DADC6DF00035330 /* EffectsLayer.swift in Sources */,
				A25615F81DAD561C00BA3DF8 /* BattleManager.swift in Sources */,
				A25C9FF31DC2F1CC006CDA73 /* FightParams.swift in Sources */,
				A227C7A61DA758A900EFFD7B /* GameViewController.swift in Sources */,
				A2B49AED1DA88CB600F86F40 /* Opponent.swift in Sources */,
				A2B49AF11DA88EAF00F86F40 /* FightScene.swift in Sources */,
				A2B49AEB1DA88C1900F86F40 /* Room.swift in Sources */,
				A2B49B021DAAB6E100F86F40 /* Controls.swift in Sources */,
				A216F0E81DB70894003DD5BB /* GameMode.swift in Sources */,
				A25C9FEB1DBF2BD5006CDA73 /* Devil.swift in Sources */,
				A25615F61DAC207D00BA3DF8 /* MenuScene.swift in Sources */,
				A2D7B9C01DBC42B300DC2DD9 /* Witch.swift in Sources */,
				A2B49AEF1DA88CE400F86F40 /* Player.swift in Sources */,
				A227C79E1DA758A900EFFD7B /* AppDelegate.swift in Sources */,
				A2D7B9BE1DBC428D00DC2DD9 /* Ghost.swift in Sources */,
				A216F0F01DB739A6003DD5BB /* SFXManager.swift in Sources */,
			);
			runOnlyForDeploymentPostprocessing = 0;
		};
		A227C7B01DA758AA00EFFD7B /* Sources */ = {
			isa = PBXSourcesBuildPhase;
			buildActionMask = 2147483647;
			files = (
				A227C7B91DA758AA00EFFD7B /* ghostpuncherTests.swift in Sources */,
			);
			runOnlyForDeploymentPostprocessing = 0;
		};
		A227C7BB1DA758AA00EFFD7B /* Sources */ = {
			isa = PBXSourcesBuildPhase;
			buildActionMask = 2147483647;
			files = (
				A227C7C41DA758AA00EFFD7B /* ghostpuncherUITests.swift in Sources */,
			);
			runOnlyForDeploymentPostprocessing = 0;
		};
/* End PBXSourcesBuildPhase section */

/* Begin PBXTargetDependency section */
		A227C7B61DA758AA00EFFD7B /* PBXTargetDependency */ = {
			isa = PBXTargetDependency;
			target = A227C7991DA758A900EFFD7B /* ghostpuncher */;
			targetProxy = A227C7B51DA758AA00EFFD7B /* PBXContainerItemProxy */;
		};
		A227C7C11DA758AA00EFFD7B /* PBXTargetDependency */ = {
			isa = PBXTargetDependency;
			target = A227C7991DA758A900EFFD7B /* ghostpuncher */;
			targetProxy = A227C7C01DA758AA00EFFD7B /* PBXContainerItemProxy */;
		};
/* End PBXTargetDependency section */

/* Begin PBXVariantGroup section */
		A227C7A71DA758A900EFFD7B /* Main.storyboard */ = {
			isa = PBXVariantGroup;
			children = (
				A227C7A81DA758A900EFFD7B /* Base */,
			);
			name = Main.storyboard;
			sourceTree = "<group>";
		};
		A227C7AC1DA758AA00EFFD7B /* LaunchScreen.storyboard */ = {
			isa = PBXVariantGroup;
			children = (
				A227C7AD1DA758AA00EFFD7B /* Base */,
			);
			name = LaunchScreen.storyboard;
			sourceTree = "<group>";
		};
/* End PBXVariantGroup section */

/* Begin XCBuildConfiguration section */
		A227C7C61DA758AA00EFFD7B /* Debug */ = {
			isa = XCBuildConfiguration;
			buildSettings = {
				ALWAYS_SEARCH_USER_PATHS = NO;
				CLANG_ANALYZER_NONNULL = YES;
				CLANG_CXX_LANGUAGE_STANDARD = "gnu++0x";
				CLANG_CXX_LIBRARY = "libc++";
				CLANG_ENABLE_MODULES = YES;
				CLANG_ENABLE_OBJC_ARC = YES;
				CLANG_WARN_BOOL_CONVERSION = YES;
				CLANG_WARN_CONSTANT_CONVERSION = YES;
				CLANG_WARN_DIRECT_OBJC_ISA_USAGE = YES_ERROR;
				CLANG_WARN_DOCUMENTATION_COMMENTS = YES;
				CLANG_WARN_EMPTY_BODY = YES;
				CLANG_WARN_ENUM_CONVERSION = YES;
				CLANG_WARN_INFINITE_RECURSION = YES;
				CLANG_WARN_INT_CONVERSION = YES;
				CLANG_WARN_OBJC_ROOT_CLASS = YES_ERROR;
				CLANG_WARN_SUSPICIOUS_MOVES = YES;
				CLANG_WARN_UNREACHABLE_CODE = YES;
				CLANG_WARN__DUPLICATE_METHOD_MATCH = YES;
				"CODE_SIGN_IDENTITY[sdk=iphoneos*]" = "iPhone Developer";
				COPY_PHASE_STRIP = NO;
				DEBUG_INFORMATION_FORMAT = dwarf;
				ENABLE_STRICT_OBJC_MSGSEND = YES;
				ENABLE_TESTABILITY = YES;
				GCC_C_LANGUAGE_STANDARD = gnu99;
				GCC_DYNAMIC_NO_PIC = NO;
				GCC_NO_COMMON_BLOCKS = YES;
				GCC_OPTIMIZATION_LEVEL = 0;
				GCC_PREPROCESSOR_DEFINITIONS = (
					"DEBUG=1",
					"$(inherited)",
				);
				GCC_WARN_64_TO_32_BIT_CONVERSION = YES;
				GCC_WARN_ABOUT_RETURN_TYPE = YES_ERROR;
				GCC_WARN_UNDECLARED_SELECTOR = YES;
				GCC_WARN_UNINITIALIZED_AUTOS = YES_AGGRESSIVE;
				GCC_WARN_UNUSED_FUNCTION = YES;
				GCC_WARN_UNUSED_VARIABLE = YES;
				IPHONEOS_DEPLOYMENT_TARGET = 10.0;
				MTL_ENABLE_DEBUG_INFO = YES;
				ONLY_ACTIVE_ARCH = YES;
				SDKROOT = iphoneos;
				SWIFT_ACTIVE_COMPILATION_CONDITIONS = DEBUG;
				SWIFT_OPTIMIZATION_LEVEL = "-Onone";
			};
			name = Debug;
		};
		A227C7C71DA758AA00EFFD7B /* Release */ = {
			isa = XCBuildConfiguration;
			buildSettings = {
				ALWAYS_SEARCH_USER_PATHS = NO;
				CLANG_ANALYZER_NONNULL = YES;
				CLANG_CXX_LANGUAGE_STANDARD = "gnu++0x";
				CLANG_CXX_LIBRARY = "libc++";
				CLANG_ENABLE_MODULES = YES;
				CLANG_ENABLE_OBJC_ARC = YES;
				CLANG_WARN_BOOL_CONVERSION = YES;
				CLANG_WARN_CONSTANT_CONVERSION = YES;
				CLANG_WARN_DIRECT_OBJC_ISA_USAGE = YES_ERROR;
				CLANG_WARN_DOCUMENTATION_COMMENTS = YES;
				CLANG_WARN_EMPTY_BODY = YES;
				CLANG_WARN_ENUM_CONVERSION = YES;
				CLANG_WARN_INFINITE_RECURSION = YES;
				CLANG_WARN_INT_CONVERSION = YES;
				CLANG_WARN_OBJC_ROOT_CLASS = YES_ERROR;
				CLANG_WARN_SUSPICIOUS_MOVES = YES;
				CLANG_WARN_UNREACHABLE_CODE = YES;
				CLANG_WARN__DUPLICATE_METHOD_MATCH = YES;
				"CODE_SIGN_IDENTITY[sdk=iphoneos*]" = "iPhone Developer";
				COPY_PHASE_STRIP = NO;
				DEBUG_INFORMATION_FORMAT = "dwarf-with-dsym";
				ENABLE_NS_ASSERTIONS = NO;
				ENABLE_STRICT_OBJC_MSGSEND = YES;
				GCC_C_LANGUAGE_STANDARD = gnu99;
				GCC_NO_COMMON_BLOCKS = YES;
				GCC_WARN_64_TO_32_BIT_CONVERSION = YES;
				GCC_WARN_ABOUT_RETURN_TYPE = YES_ERROR;
				GCC_WARN_UNDECLARED_SELECTOR = YES;
				GCC_WARN_UNINITIALIZED_AUTOS = YES_AGGRESSIVE;
				GCC_WARN_UNUSED_FUNCTION = YES;
				GCC_WARN_UNUSED_VARIABLE = YES;
				IPHONEOS_DEPLOYMENT_TARGET = 10.0;
				MTL_ENABLE_DEBUG_INFO = NO;
				SDKROOT = iphoneos;
				SWIFT_OPTIMIZATION_LEVEL = "-Owholemodule";
				VALIDATE_PRODUCT = YES;
			};
			name = Release;
		};
		A227C7C91DA758AA00EFFD7B /* Debug */ = {
			isa = XCBuildConfiguration;
			buildSettings = {
				ASSETCATALOG_COMPILER_APPICON_NAME = AppIcon;
				DEVELOPMENT_TEAM = EKVU9746UD;
				FRAMEWORK_SEARCH_PATHS = (
					"$(inherited)",
					"$(PROJECT_DIR)/HockeySDK-iOS/HockeySDK.embeddedframework",
				);
				INFOPLIST_FILE = ghostpuncher/Info.plist;
				IPHONEOS_DEPLOYMENT_TARGET = 9.0;
				LD_RUNPATH_SEARCH_PATHS = "$(inherited) @executable_path/Frameworks";
				PRODUCT_BUNDLE_IDENTIFIER = com.swanriders.ghostpuncher;
				PRODUCT_NAME = "$(TARGET_NAME)";
				PROVISIONING_PROFILE = "";
				SWIFT_VERSION = 3.0;
			};
			name = Debug;
		};
		A227C7CA1DA758AA00EFFD7B /* Release */ = {
			isa = XCBuildConfiguration;
			buildSettings = {
				ASSETCATALOG_COMPILER_APPICON_NAME = AppIcon;
				DEVELOPMENT_TEAM = EKVU9746UD;
				FRAMEWORK_SEARCH_PATHS = (
					"$(inherited)",
					"$(PROJECT_DIR)/HockeySDK-iOS/HockeySDK.embeddedframework",
				);
				INFOPLIST_FILE = ghostpuncher/Info.plist;
				IPHONEOS_DEPLOYMENT_TARGET = 9.0;
				LD_RUNPATH_SEARCH_PATHS = "$(inherited) @executable_path/Frameworks";
				PRODUCT_BUNDLE_IDENTIFIER = com.swanriders.ghostpuncher;
				PRODUCT_NAME = "$(TARGET_NAME)";
				PROVISIONING_PROFILE = "";
				SWIFT_VERSION = 3.0;
			};
			name = Release;
		};
		A227C7CC1DA758AA00EFFD7B /* Debug */ = {
			isa = XCBuildConfiguration;
			buildSettings = {
				ALWAYS_EMBED_SWIFT_STANDARD_LIBRARIES = YES;
				BUNDLE_LOADER = "$(TEST_HOST)";
				DEVELOPMENT_TEAM = EKVU9746UD;
				INFOPLIST_FILE = ghostpuncherTests/Info.plist;
				LD_RUNPATH_SEARCH_PATHS = "$(inherited) @executable_path/Frameworks @loader_path/Frameworks";
				PRODUCT_BUNDLE_IDENTIFIER = com.swanriders.ghostpuncherTests;
				PRODUCT_NAME = "$(TARGET_NAME)";
				SWIFT_VERSION = 3.0;
				TEST_HOST = "$(BUILT_PRODUCTS_DIR)/ghostpuncher.app/ghostpuncher";
			};
			name = Debug;
		};
		A227C7CD1DA758AA00EFFD7B /* Release */ = {
			isa = XCBuildConfiguration;
			buildSettings = {
				ALWAYS_EMBED_SWIFT_STANDARD_LIBRARIES = YES;
				BUNDLE_LOADER = "$(TEST_HOST)";
				DEVELOPMENT_TEAM = EKVU9746UD;
				INFOPLIST_FILE = ghostpuncherTests/Info.plist;
				LD_RUNPATH_SEARCH_PATHS = "$(inherited) @executable_path/Frameworks @loader_path/Frameworks";
				PRODUCT_BUNDLE_IDENTIFIER = com.swanriders.ghostpuncherTests;
				PRODUCT_NAME = "$(TARGET_NAME)";
				SWIFT_VERSION = 3.0;
				TEST_HOST = "$(BUILT_PRODUCTS_DIR)/ghostpuncher.app/ghostpuncher";
			};
			name = Release;
		};
		A227C7CF1DA758AA00EFFD7B /* Debug */ = {
			isa = XCBuildConfiguration;
			buildSettings = {
				ALWAYS_EMBED_SWIFT_STANDARD_LIBRARIES = YES;
				DEVELOPMENT_TEAM = EKVU9746UD;
				INFOPLIST_FILE = ghostpuncherUITests/Info.plist;
				LD_RUNPATH_SEARCH_PATHS = "$(inherited) @executable_path/Frameworks @loader_path/Frameworks";
				PRODUCT_BUNDLE_IDENTIFIER = com.swanriders.ghostpuncherUITests;
				PRODUCT_NAME = "$(TARGET_NAME)";
				SWIFT_VERSION = 3.0;
				TEST_TARGET_NAME = ghostpuncher;
			};
			name = Debug;
		};
		A227C7D01DA758AA00EFFD7B /* Release */ = {
			isa = XCBuildConfiguration;
			buildSettings = {
				ALWAYS_EMBED_SWIFT_STANDARD_LIBRARIES = YES;
				DEVELOPMENT_TEAM = EKVU9746UD;
				INFOPLIST_FILE = ghostpuncherUITests/Info.plist;
				LD_RUNPATH_SEARCH_PATHS = "$(inherited) @executable_path/Frameworks @loader_path/Frameworks";
				PRODUCT_BUNDLE_IDENTIFIER = com.swanriders.ghostpuncherUITests;
				PRODUCT_NAME = "$(TARGET_NAME)";
				SWIFT_VERSION = 3.0;
				TEST_TARGET_NAME = ghostpuncher;
			};
			name = Release;
		};
/* End XCBuildConfiguration section */

/* Begin XCConfigurationList section */
		A227C7951DA758A900EFFD7B /* Build configuration list for PBXProject "ghostpuncher" */ = {
			isa = XCConfigurationList;
			buildConfigurations = (
				A227C7C61DA758AA00EFFD7B /* Debug */,
				A227C7C71DA758AA00EFFD7B /* Release */,
			);
			defaultConfigurationIsVisible = 0;
			defaultConfigurationName = Release;
		};
		A227C7C81DA758AA00EFFD7B /* Build configuration list for PBXNativeTarget "ghostpuncher" */ = {
			isa = XCConfigurationList;
			buildConfigurations = (
				A227C7C91DA758AA00EFFD7B /* Debug */,
				A227C7CA1DA758AA00EFFD7B /* Release */,
			);
			defaultConfigurationIsVisible = 0;
			defaultConfigurationName = Release;
		};
		A227C7CB1DA758AA00EFFD7B /* Build configuration list for PBXNativeTarget "ghostpuncherTests" */ = {
			isa = XCConfigurationList;
			buildConfigurations = (
				A227C7CC1DA758AA00EFFD7B /* Debug */,
				A227C7CD1DA758AA00EFFD7B /* Release */,
			);
			defaultConfigurationIsVisible = 0;
			defaultConfigurationName = Release;
		};
		A227C7CE1DA758AA00EFFD7B /* Build configuration list for PBXNativeTarget "ghostpuncherUITests" */ = {
			isa = XCConfigurationList;
			buildConfigurations = (
				A227C7CF1DA758AA00EFFD7B /* Debug */,
				A227C7D01DA758AA00EFFD7B /* Release */,
			);
			defaultConfigurationIsVisible = 0;
			defaultConfigurationName = Release;
		};
/* End XCConfigurationList section */
	};
	rootObject = A227C7921DA758A900EFFD7B /* Project object */;
}
